
Microsoft Visual Studio Solution File, Format Version 12.00
# Visual Studio Version 17
VisualStudioVersion = 17.7.34018.315
MinimumVisualStudioVersion = 10.0.40219.1
Project("{FAE04EC0-301F-11D3-BF4B-00C04F79EFBC}") = "BookLibrary", "BookLibrary\BookLibrary.csproj", "{4DAD8F48-E580-47F2-8117-BCE993995E8D}"
EndProject
Global
	GlobalSection(SolutionConfigurationPlatforms) = preSolution
		Debug|Any CPU = Debug|Any CPU
		Release|Any CPU = Release|Any CPU
	EndGlobalSection
	GlobalSection(ProjectConfigurationPlatforms) = postSolution
		{4DAD8F48-E580-47F2-8117-BCE993995E8D}.Debug|Any CPU.ActiveCfg = Debug|Any CPU
		{4DAD8F48-E580-47F2-8117-BCE993995E8D}.Debug|Any CPU.Build.0 = Debug|Any CPU
		{4DAD8F48-E580-47F2-8117-BCE993995E8D}.Release|Any CPU.ActiveCfg = Release|Any CPU
		{4DAD8F48-E580-47F2-8117-BCE993995E8D}.Release|Any CPU.Build.0 = Release|Any CPU
	EndGlobalSection
	GlobalSection(SolutionProperties) = preSolution
		HideSolutionNode = FALSE
	EndGlobalSection
	GlobalSection(ExtensibilityGlobals) = postSolution
		SolutionGuid = {FDEC4F61-04F1-45E8-838A-AAC3E50924B8}
	EndGlobalSection
EndGlobal
